
Microsoft Visual Studio Solution File, Format Version 12.00
# Visual Studio 15
VisualStudioVersion = 15.0.28307.705
MinimumVisualStudioVersion = 10.0.40219.1
Project("{FAE04EC0-301F-11D3-BF4B-00C04F79EFBC}") = "MonoGame.IMEHelper.WindowsDX", "MonoGame.IMEHelper\MonoGame.IMEHelper.WindowsDX.csproj", "{942B5C2D-801A-4703-B0BB-DD312A068612}"
EndProject
Project("{D954291E-2A0B-460D-934E-DC6B0785DB48}") = "MonoGame.IMEHelper.Common", "MonoGame.IMEHelper.Common\MonoGame.IMEHelper.Common.shproj", "{A0CDBD0E-3A41-42B7-9425-A838BC2C7383}"
EndProject
Project("{FAE04EC0-301F-11D3-BF4B-00C04F79EFBC}") = "MonoGame.IMEHelper.DesktopGL", "MonoGame.IMEHelper.DesktopGL\MonoGame.IMEHelper.DesktopGL.csproj", "{93E2B4DA-6417-4290-B8DA-874BC6D43C36}"
EndProject
Project("{FAE04EC0-301F-11D3-BF4B-00C04F79EFBC}") = "MonoGame.IMEHelper.DesktopGL.Test", "MonoGame.IMEHelper.DesktopGL.Test\MonoGame.IMEHelper.DesktopGL.Test.csproj", "{83FF6D3C-1C49-4B4D-8EFD-6756C00D0D7D}"
EndProject
Project("{FAE04EC0-301F-11D3-BF4B-00C04F79EFBC}") = "MonoGame.IMEHelper.WindowsDX.Test", "MonoGame.IMEHelper.WindowsDX.Test\MonoGame.IMEHelper.WindowsDX.Test.csproj", "{735A5BFD-9441-4FC3-BA13-2924E43A0B15}"
EndProject
Project("{FAE04EC0-301F-11D3-BF4B-00C04F79EFBC}") = "MonoGame.IMEHelper.Android", "MonoGame.IMEHelper.Android\MonoGame.IMEHelper.Android.csproj", "{53C49AAB-AC13-4A8B-BF2A-67A15673C3B0}"
EndProject
Global
	GlobalSection(SharedMSBuildProjectFiles) = preSolution
		MonoGame.IMEHelper.Common\MonoGame.IMEHelper.Common.projitems*{53c49aab-ac13-4a8b-bf2a-67a15673c3b0}*SharedItemsImports = 4
		MonoGame.IMEHelper.Common\MonoGame.IMEHelper.Common.projitems*{93e2b4da-6417-4290-b8da-874bc6d43c36}*SharedItemsImports = 4
		MonoGame.IMEHelper.Common\MonoGame.IMEHelper.Common.projitems*{942b5c2d-801a-4703-b0bb-dd312a068612}*SharedItemsImports = 4
		MonoGame.IMEHelper.Common\MonoGame.IMEHelper.Common.projitems*{a0cdbd0e-3a41-42b7-9425-a838bc2c7383}*SharedItemsImports = 13
	EndGlobalSection
	GlobalSection(SolutionConfigurationPlatforms) = preSolution
		Debug|Any CPU = Debug|Any CPU
		Debug|x86 = Debug|x86
		Release|Any CPU = Release|Any CPU
		Release|x86 = Release|x86
	EndGlobalSection
	GlobalSection(ProjectConfigurationPlatforms) = postSolution
		{942B5C2D-801A-4703-B0BB-DD312A068612}.Debug|Any CPU.ActiveCfg = Debug|Any CPU
		{942B5C2D-801A-4703-B0BB-DD312A068612}.Debug|Any CPU.Build.0 = Debug|Any CPU
		{942B5C2D-801A-4703-B0BB-DD312A068612}.Debug|x86.ActiveCfg = Debug|Any CPU
		{942B5C2D-801A-4703-B0BB-DD312A068612}.Debug|x86.Build.0 = Debug|Any CPU
		{942B5C2D-801A-4703-B0BB-DD312A068612}.Release|Any CPU.ActiveCfg = Release|Any CPU
		{942B5C2D-801A-4703-B0BB-DD312A068612}.Release|Any CPU.Build.0 = Release|Any CPU
		{942B5C2D-801A-4703-B0BB-DD312A068612}.Release|x86.ActiveCfg = Release|Any CPU
		{942B5C2D-801A-4703-B0BB-DD312A068612}.Release|x86.Build.0 = Release|Any CPU
		{93E2B4DA-6417-4290-B8DA-874BC6D43C36}.Debug|Any CPU.ActiveCfg = Debug|Any CPU
		{93E2B4DA-6417-4290-B8DA-874BC6D43C36}.Debug|Any CPU.Build.0 = Debug|Any CPU
		{93E2B4DA-6417-4290-B8DA-874BC6D43C36}.Debug|x86.ActiveCfg = Debug|Any CPU
		{93E2B4DA-6417-4290-B8DA-874BC6D43C36}.Debug|x86.Build.0 = Debug|Any CPU
		{93E2B4DA-6417-4290-B8DA-874BC6D43C36}.Release|Any CPU.ActiveCfg = Release|Any CPU
		{93E2B4DA-6417-4290-B8DA-874BC6D43C36}.Release|Any CPU.Build.0 = Release|Any CPU
		{93E2B4DA-6417-4290-B8DA-874BC6D43C36}.Release|x86.ActiveCfg = Release|Any CPU
		{93E2B4DA-6417-4290-B8DA-874BC6D43C36}.Release|x86.Build.0 = Release|Any CPU
		{83FF6D3C-1C49-4B4D-8EFD-6756C00D0D7D}.Debug|Any CPU.ActiveCfg = Debug|Any CPU
		{83FF6D3C-1C49-4B4D-8EFD-6756C00D0D7D}.Debug|Any CPU.Build.0 = Debug|Any CPU
		{83FF6D3C-1C49-4B4D-8EFD-6756C00D0D7D}.Debug|x86.ActiveCfg = Debug|Any CPU
		{83FF6D3C-1C49-4B4D-8EFD-6756C00D0D7D}.Debug|x86.Build.0 = Debug|Any CPU
		{83FF6D3C-1C49-4B4D-8EFD-6756C00D0D7D}.Release|Any CPU.ActiveCfg = Release|Any CPU
		{83FF6D3C-1C49-4B4D-8EFD-6756C00D0D7D}.Release|Any CPU.Build.0 = Release|Any CPU
		{83FF6D3C-1C49-4B4D-8EFD-6756C00D0D7D}.Release|x86.ActiveCfg = Release|Any CPU
		{83FF6D3C-1C49-4B4D-8EFD-6756C00D0D7D}.Release|x86.Build.0 = Release|Any CPU
		{735A5BFD-9441-4FC3-BA13-2924E43A0B15}.Debug|Any CPU.ActiveCfg = Debug|Any CPU
		{735A5BFD-9441-4FC3-BA13-2924E43A0B15}.Debug|Any CPU.Build.0 = Debug|Any CPU
		{735A5BFD-9441-4FC3-BA13-2924E43A0B15}.Debug|x86.ActiveCfg = Debug|Any CPU
		{735A5BFD-9441-4FC3-BA13-2924E43A0B15}.Debug|x86.Build.0 = Debug|Any CPU
		{735A5BFD-9441-4FC3-BA13-2924E43A0B15}.Release|Any CPU.ActiveCfg = Release|Any CPU
		{735A5BFD-9441-4FC3-BA13-2924E43A0B15}.Release|Any CPU.Build.0 = Release|Any CPU
		{735A5BFD-9441-4FC3-BA13-2924E43A0B15}.Release|x86.ActiveCfg = Release|Any CPU
		{735A5BFD-9441-4FC3-BA13-2924E43A0B15}.Release|x86.Build.0 = Release|Any CPU
		{53C49AAB-AC13-4A8B-BF2A-67A15673C3B0}.Debug|Any CPU.ActiveCfg = Debug|Any CPU
		{53C49AAB-AC13-4A8B-BF2A-67A15673C3B0}.Debug|Any CPU.Build.0 = Debug|Any CPU
		{53C49AAB-AC13-4A8B-BF2A-67A15673C3B0}.Debug|x86.ActiveCfg = Debug|Any CPU
		{53C49AAB-AC13-4A8B-BF2A-67A15673C3B0}.Debug|x86.Build.0 = Debug|Any CPU
		{53C49AAB-AC13-4A8B-BF2A-67A15673C3B0}.Release|Any CPU.ActiveCfg = Release|Any CPU
		{53C49AAB-AC13-4A8B-BF2A-67A15673C3B0}.Release|Any CPU.Build.0 = Release|Any CPU
		{53C49AAB-AC13-4A8B-BF2A-67A15673C3B0}.Release|x86.ActiveCfg = Release|Any CPU
		{53C49AAB-AC13-4A8B-BF2A-67A15673C3B0}.Release|x86.Build.0 = Release|Any CPU
	EndGlobalSection
	GlobalSection(SolutionProperties) = preSolution
		HideSolutionNode = FALSE
	EndGlobalSection
	GlobalSection(ExtensibilityGlobals) = postSolution
		SolutionGuid = {C466F7D7-2C9D-4CB5-989B-477C763FE501}
	EndGlobalSection
EndGlobal
