
Microsoft Visual Studio Solution File, Format Version 12.00
# Visual Studio 15
VisualStudioVersion = 15.0.28307.705
MinimumVisualStudioVersion = 10.0.40219.1
Project("{D954291E-2A0B-460D-934E-DC6B0785DB48}") = "MonoGame.IMEHelper.Common", "MonoGame.IMEHelper.Common\MonoGame.IMEHelper.Common.shproj", "{A0CDBD0E-3A41-42B7-9425-A838BC2C7383}"
EndProject
Project("{FAE04EC0-301F-11D3-BF4B-00C04F79EFBC}") = "MonoGame.IMEHelper.DesktopGL", "MonoGame.IMEHelper.DesktopGL\MonoGame.IMEHelper.DesktopGL.csproj", "{93E2B4DA-6417-4290-B8DA-874BC6D43C36}"
EndProject
Project("{FAE04EC0-301F-11D3-BF4B-00C04F79EFBC}") = "MonoGame.IMEHelper.DesktopGL.Test", "MonoGame.IMEHelper.DesktopGL.Test\MonoGame.IMEHelper.DesktopGL.Test.csproj", "{83FF6D3C-1C49-4B4D-8EFD-6756C00D0D7D}"
EndProject
Project("{FAE04EC0-301F-11D3-BF4B-00C04F79EFBC}") = "MonoGame.IMEHelper.WindowsDX.Test", "MonoGame.IMEHelper.WindowsDX.Test\MonoGame.IMEHelper.WindowsDX.Test.csproj", "{735A5BFD-9441-4FC3-BA13-2924E43A0B15}"
EndProject
Project("{FAE04EC0-301F-11D3-BF4B-00C04F79EFBC}") = "MonoGame.IMEHelper.Android", "MonoGame.IMEHelper.Android\MonoGame.IMEHelper.Android.csproj", "{53C49AAB-AC13-4A8B-BF2A-67A15673C3B0}"
EndProject
Project("{FAE04EC0-301F-11D3-BF4B-00C04F79EFBC}") = "MonoGame.IMEHelper.Android.Test", "MonoGame.IMEHelper.Android.Test\MonoGame.IMEHelper.Android.Test.csproj", "{DB5463EA-7B80-447B-9625-D02E9146D84D}"
EndProject
Project("{FAE04EC0-301F-11D3-BF4B-00C04F79EFBC}") = "MonoGame.IMEHelper.iOS.Test", "MonoGame.IMEHelper.iOS.Test\MonoGame.IMEHelper.iOS.Test.csproj", "{F0828DE1-FA02-4D08-B90A-950E0B354E2A}"
EndProject
Project("{FAE04EC0-301F-11D3-BF4B-00C04F79EFBC}") = "MonoGame.IMEHelper.iOS", "MonoGame.IMEHelper.iOS\MonoGame.IMEHelper.iOS.csproj", "{E71F3053-056C-4381-9638-048ED73BDFF6}"
EndProject
Project("{FAE04EC0-301F-11D3-BF4B-00C04F79EFBC}") = "MonoGame.IMEHelper.WindowsDX", "MonoGame.IMEHelper.WindowsDX\MonoGame.IMEHelper.WindowsDX.csproj", "{942B5C2D-801A-4703-B0BB-DD312A068612}"
EndProject
Global
	GlobalSection(SharedMSBuildProjectFiles) = preSolution
		MonoGame.IMEHelper.Common\MonoGame.IMEHelper.Common.projitems*{53c49aab-ac13-4a8b-bf2a-67a15673c3b0}*SharedItemsImports = 4
		MonoGame.IMEHelper.Common\MonoGame.IMEHelper.Common.projitems*{93e2b4da-6417-4290-b8da-874bc6d43c36}*SharedItemsImports = 4
		MonoGame.IMEHelper.Common\MonoGame.IMEHelper.Common.projitems*{942b5c2d-801a-4703-b0bb-dd312a068612}*SharedItemsImports = 4
		MonoGame.IMEHelper.Common\MonoGame.IMEHelper.Common.projitems*{a0cdbd0e-3a41-42b7-9425-a838bc2c7383}*SharedItemsImports = 13
		MonoGame.IMEHelper.Common\MonoGame.IMEHelper.Common.projitems*{e71f3053-056c-4381-9638-048ed73bdff6}*SharedItemsImports = 4
	EndGlobalSection
	GlobalSection(SolutionConfigurationPlatforms) = preSolution
		Ad-Hoc|Any CPU = Ad-Hoc|Any CPU
		Ad-Hoc|iPhone = Ad-Hoc|iPhone
		Ad-Hoc|iPhoneSimulator = Ad-Hoc|iPhoneSimulator
		Ad-Hoc|x86 = Ad-Hoc|x86
		AppStore|Any CPU = AppStore|Any CPU
		AppStore|iPhone = AppStore|iPhone
		AppStore|iPhoneSimulator = AppStore|iPhoneSimulator
		AppStore|x86 = AppStore|x86
		Debug|Any CPU = Debug|Any CPU
		Debug|iPhone = Debug|iPhone
		Debug|iPhoneSimulator = Debug|iPhoneSimulator
		Debug|x86 = Debug|x86
		Release|Any CPU = Release|Any CPU
		Release|iPhone = Release|iPhone
		Release|iPhoneSimulator = Release|iPhoneSimulator
		Release|x86 = Release|x86
	EndGlobalSection
	GlobalSection(ProjectConfigurationPlatforms) = postSolution
		{93E2B4DA-6417-4290-B8DA-874BC6D43C36}.Ad-Hoc|Any CPU.ActiveCfg = Release|Any CPU
		{93E2B4DA-6417-4290-B8DA-874BC6D43C36}.Ad-Hoc|Any CPU.Build.0 = Release|Any CPU
		{93E2B4DA-6417-4290-B8DA-874BC6D43C36}.Ad-Hoc|iPhone.ActiveCfg = Release|Any CPU
		{93E2B4DA-6417-4290-B8DA-874BC6D43C36}.Ad-Hoc|iPhone.Build.0 = Release|Any CPU
		{93E2B4DA-6417-4290-B8DA-874BC6D43C36}.Ad-Hoc|iPhoneSimulator.ActiveCfg = Release|Any CPU
		{93E2B4DA-6417-4290-B8DA-874BC6D43C36}.Ad-Hoc|iPhoneSimulator.Build.0 = Release|Any CPU
		{93E2B4DA-6417-4290-B8DA-874BC6D43C36}.Ad-Hoc|x86.ActiveCfg = Release|Any CPU
		{93E2B4DA-6417-4290-B8DA-874BC6D43C36}.Ad-Hoc|x86.Build.0 = Release|Any CPU
		{93E2B4DA-6417-4290-B8DA-874BC6D43C36}.AppStore|Any CPU.ActiveCfg = Release|Any CPU
		{93E2B4DA-6417-4290-B8DA-874BC6D43C36}.AppStore|Any CPU.Build.0 = Release|Any CPU
		{93E2B4DA-6417-4290-B8DA-874BC6D43C36}.AppStore|iPhone.ActiveCfg = Release|Any CPU
		{93E2B4DA-6417-4290-B8DA-874BC6D43C36}.AppStore|iPhone.Build.0 = Release|Any CPU
		{93E2B4DA-6417-4290-B8DA-874BC6D43C36}.AppStore|iPhoneSimulator.ActiveCfg = Release|Any CPU
		{93E2B4DA-6417-4290-B8DA-874BC6D43C36}.AppStore|iPhoneSimulator.Build.0 = Release|Any CPU
		{93E2B4DA-6417-4290-B8DA-874BC6D43C36}.AppStore|x86.ActiveCfg = Release|Any CPU
		{93E2B4DA-6417-4290-B8DA-874BC6D43C36}.AppStore|x86.Build.0 = Release|Any CPU
		{93E2B4DA-6417-4290-B8DA-874BC6D43C36}.Debug|Any CPU.ActiveCfg = Debug|Any CPU
		{93E2B4DA-6417-4290-B8DA-874BC6D43C36}.Debug|Any CPU.Build.0 = Debug|Any CPU
		{93E2B4DA-6417-4290-B8DA-874BC6D43C36}.Debug|iPhone.ActiveCfg = Debug|Any CPU
		{93E2B4DA-6417-4290-B8DA-874BC6D43C36}.Debug|iPhone.Build.0 = Debug|Any CPU
		{93E2B4DA-6417-4290-B8DA-874BC6D43C36}.Debug|iPhoneSimulator.ActiveCfg = Debug|Any CPU
		{93E2B4DA-6417-4290-B8DA-874BC6D43C36}.Debug|iPhoneSimulator.Build.0 = Debug|Any CPU
		{93E2B4DA-6417-4290-B8DA-874BC6D43C36}.Debug|x86.ActiveCfg = Debug|Any CPU
		{93E2B4DA-6417-4290-B8DA-874BC6D43C36}.Debug|x86.Build.0 = Debug|Any CPU
		{93E2B4DA-6417-4290-B8DA-874BC6D43C36}.Release|Any CPU.ActiveCfg = Release|Any CPU
		{93E2B4DA-6417-4290-B8DA-874BC6D43C36}.Release|Any CPU.Build.0 = Release|Any CPU
		{93E2B4DA-6417-4290-B8DA-874BC6D43C36}.Release|iPhone.ActiveCfg = Release|Any CPU
		{93E2B4DA-6417-4290-B8DA-874BC6D43C36}.Release|iPhone.Build.0 = Release|Any CPU
		{93E2B4DA-6417-4290-B8DA-874BC6D43C36}.Release|iPhoneSimulator.ActiveCfg = Release|Any CPU
		{93E2B4DA-6417-4290-B8DA-874BC6D43C36}.Release|iPhoneSimulator.Build.0 = Release|Any CPU
		{93E2B4DA-6417-4290-B8DA-874BC6D43C36}.Release|x86.ActiveCfg = Release|Any CPU
		{93E2B4DA-6417-4290-B8DA-874BC6D43C36}.Release|x86.Build.0 = Release|Any CPU
		{83FF6D3C-1C49-4B4D-8EFD-6756C00D0D7D}.Ad-Hoc|Any CPU.ActiveCfg = Release|Any CPU
		{83FF6D3C-1C49-4B4D-8EFD-6756C00D0D7D}.Ad-Hoc|Any CPU.Build.0 = Release|Any CPU
		{83FF6D3C-1C49-4B4D-8EFD-6756C00D0D7D}.Ad-Hoc|iPhone.ActiveCfg = Release|Any CPU
		{83FF6D3C-1C49-4B4D-8EFD-6756C00D0D7D}.Ad-Hoc|iPhone.Build.0 = Release|Any CPU
		{83FF6D3C-1C49-4B4D-8EFD-6756C00D0D7D}.Ad-Hoc|iPhoneSimulator.ActiveCfg = Release|Any CPU
		{83FF6D3C-1C49-4B4D-8EFD-6756C00D0D7D}.Ad-Hoc|iPhoneSimulator.Build.0 = Release|Any CPU
		{83FF6D3C-1C49-4B4D-8EFD-6756C00D0D7D}.Ad-Hoc|x86.ActiveCfg = Release|Any CPU
		{83FF6D3C-1C49-4B4D-8EFD-6756C00D0D7D}.Ad-Hoc|x86.Build.0 = Release|Any CPU
		{83FF6D3C-1C49-4B4D-8EFD-6756C00D0D7D}.AppStore|Any CPU.ActiveCfg = Release|Any CPU
		{83FF6D3C-1C49-4B4D-8EFD-6756C00D0D7D}.AppStore|Any CPU.Build.0 = Release|Any CPU
		{83FF6D3C-1C49-4B4D-8EFD-6756C00D0D7D}.AppStore|iPhone.ActiveCfg = Release|Any CPU
		{83FF6D3C-1C49-4B4D-8EFD-6756C00D0D7D}.AppStore|iPhone.Build.0 = Release|Any CPU
		{83FF6D3C-1C49-4B4D-8EFD-6756C00D0D7D}.AppStore|iPhoneSimulator.ActiveCfg = Release|Any CPU
		{83FF6D3C-1C49-4B4D-8EFD-6756C00D0D7D}.AppStore|iPhoneSimulator.Build.0 = Release|Any CPU
		{83FF6D3C-1C49-4B4D-8EFD-6756C00D0D7D}.AppStore|x86.ActiveCfg = Release|Any CPU
		{83FF6D3C-1C49-4B4D-8EFD-6756C00D0D7D}.AppStore|x86.Build.0 = Release|Any CPU
		{83FF6D3C-1C49-4B4D-8EFD-6756C00D0D7D}.Debug|Any CPU.ActiveCfg = Debug|Any CPU
		{83FF6D3C-1C49-4B4D-8EFD-6756C00D0D7D}.Debug|Any CPU.Build.0 = Debug|Any CPU
		{83FF6D3C-1C49-4B4D-8EFD-6756C00D0D7D}.Debug|iPhone.ActiveCfg = Debug|Any CPU
		{83FF6D3C-1C49-4B4D-8EFD-6756C00D0D7D}.Debug|iPhone.Build.0 = Debug|Any CPU
		{83FF6D3C-1C49-4B4D-8EFD-6756C00D0D7D}.Debug|iPhoneSimulator.ActiveCfg = Debug|Any CPU
		{83FF6D3C-1C49-4B4D-8EFD-6756C00D0D7D}.Debug|iPhoneSimulator.Build.0 = Debug|Any CPU
		{83FF6D3C-1C49-4B4D-8EFD-6756C00D0D7D}.Debug|x86.ActiveCfg = Debug|Any CPU
		{83FF6D3C-1C49-4B4D-8EFD-6756C00D0D7D}.Debug|x86.Build.0 = Debug|Any CPU
		{83FF6D3C-1C49-4B4D-8EFD-6756C00D0D7D}.Release|Any CPU.ActiveCfg = Release|Any CPU
		{83FF6D3C-1C49-4B4D-8EFD-6756C00D0D7D}.Release|Any CPU.Build.0 = Release|Any CPU
		{83FF6D3C-1C49-4B4D-8EFD-6756C00D0D7D}.Release|iPhone.ActiveCfg = Release|Any CPU
		{83FF6D3C-1C49-4B4D-8EFD-6756C00D0D7D}.Release|iPhone.Build.0 = Release|Any CPU
		{83FF6D3C-1C49-4B4D-8EFD-6756C00D0D7D}.Release|iPhoneSimulator.ActiveCfg = Release|Any CPU
		{83FF6D3C-1C49-4B4D-8EFD-6756C00D0D7D}.Release|iPhoneSimulator.Build.0 = Release|Any CPU
		{83FF6D3C-1C49-4B4D-8EFD-6756C00D0D7D}.Release|x86.ActiveCfg = Release|Any CPU
		{83FF6D3C-1C49-4B4D-8EFD-6756C00D0D7D}.Release|x86.Build.0 = Release|Any CPU
		{735A5BFD-9441-4FC3-BA13-2924E43A0B15}.Ad-Hoc|Any CPU.ActiveCfg = Release|Any CPU
		{735A5BFD-9441-4FC3-BA13-2924E43A0B15}.Ad-Hoc|Any CPU.Build.0 = Release|Any CPU
		{735A5BFD-9441-4FC3-BA13-2924E43A0B15}.Ad-Hoc|iPhone.ActiveCfg = Release|Any CPU
		{735A5BFD-9441-4FC3-BA13-2924E43A0B15}.Ad-Hoc|iPhone.Build.0 = Release|Any CPU
		{735A5BFD-9441-4FC3-BA13-2924E43A0B15}.Ad-Hoc|iPhoneSimulator.ActiveCfg = Release|Any CPU
		{735A5BFD-9441-4FC3-BA13-2924E43A0B15}.Ad-Hoc|iPhoneSimulator.Build.0 = Release|Any CPU
		{735A5BFD-9441-4FC3-BA13-2924E43A0B15}.Ad-Hoc|x86.ActiveCfg = Release|Any CPU
		{735A5BFD-9441-4FC3-BA13-2924E43A0B15}.Ad-Hoc|x86.Build.0 = Release|Any CPU
		{735A5BFD-9441-4FC3-BA13-2924E43A0B15}.AppStore|Any CPU.ActiveCfg = Release|Any CPU
		{735A5BFD-9441-4FC3-BA13-2924E43A0B15}.AppStore|Any CPU.Build.0 = Release|Any CPU
		{735A5BFD-9441-4FC3-BA13-2924E43A0B15}.AppStore|iPhone.ActiveCfg = Release|Any CPU
		{735A5BFD-9441-4FC3-BA13-2924E43A0B15}.AppStore|iPhone.Build.0 = Release|Any CPU
		{735A5BFD-9441-4FC3-BA13-2924E43A0B15}.AppStore|iPhoneSimulator.ActiveCfg = Release|Any CPU
		{735A5BFD-9441-4FC3-BA13-2924E43A0B15}.AppStore|iPhoneSimulator.Build.0 = Release|Any CPU
		{735A5BFD-9441-4FC3-BA13-2924E43A0B15}.AppStore|x86.ActiveCfg = Release|Any CPU
		{735A5BFD-9441-4FC3-BA13-2924E43A0B15}.AppStore|x86.Build.0 = Release|Any CPU
		{735A5BFD-9441-4FC3-BA13-2924E43A0B15}.Debug|Any CPU.ActiveCfg = Debug|Any CPU
		{735A5BFD-9441-4FC3-BA13-2924E43A0B15}.Debug|Any CPU.Build.0 = Debug|Any CPU
		{735A5BFD-9441-4FC3-BA13-2924E43A0B15}.Debug|iPhone.ActiveCfg = Debug|Any CPU
		{735A5BFD-9441-4FC3-BA13-2924E43A0B15}.Debug|iPhone.Build.0 = Debug|Any CPU
		{735A5BFD-9441-4FC3-BA13-2924E43A0B15}.Debug|iPhoneSimulator.ActiveCfg = Debug|Any CPU
		{735A5BFD-9441-4FC3-BA13-2924E43A0B15}.Debug|iPhoneSimulator.Build.0 = Debug|Any CPU
		{735A5BFD-9441-4FC3-BA13-2924E43A0B15}.Debug|x86.ActiveCfg = Debug|Any CPU
		{735A5BFD-9441-4FC3-BA13-2924E43A0B15}.Debug|x86.Build.0 = Debug|Any CPU
		{735A5BFD-9441-4FC3-BA13-2924E43A0B15}.Release|Any CPU.ActiveCfg = Release|Any CPU
		{735A5BFD-9441-4FC3-BA13-2924E43A0B15}.Release|Any CPU.Build.0 = Release|Any CPU
		{735A5BFD-9441-4FC3-BA13-2924E43A0B15}.Release|iPhone.ActiveCfg = Release|Any CPU
		{735A5BFD-9441-4FC3-BA13-2924E43A0B15}.Release|iPhone.Build.0 = Release|Any CPU
		{735A5BFD-9441-4FC3-BA13-2924E43A0B15}.Release|iPhoneSimulator.ActiveCfg = Release|Any CPU
		{735A5BFD-9441-4FC3-BA13-2924E43A0B15}.Release|iPhoneSimulator.Build.0 = Release|Any CPU
		{735A5BFD-9441-4FC3-BA13-2924E43A0B15}.Release|x86.ActiveCfg = Release|Any CPU
		{735A5BFD-9441-4FC3-BA13-2924E43A0B15}.Release|x86.Build.0 = Release|Any CPU
		{53C49AAB-AC13-4A8B-BF2A-67A15673C3B0}.Ad-Hoc|Any CPU.ActiveCfg = Release|Any CPU
		{53C49AAB-AC13-4A8B-BF2A-67A15673C3B0}.Ad-Hoc|Any CPU.Build.0 = Release|Any CPU
		{53C49AAB-AC13-4A8B-BF2A-67A15673C3B0}.Ad-Hoc|iPhone.ActiveCfg = Release|Any CPU
		{53C49AAB-AC13-4A8B-BF2A-67A15673C3B0}.Ad-Hoc|iPhone.Build.0 = Release|Any CPU
		{53C49AAB-AC13-4A8B-BF2A-67A15673C3B0}.Ad-Hoc|iPhoneSimulator.ActiveCfg = Release|Any CPU
		{53C49AAB-AC13-4A8B-BF2A-67A15673C3B0}.Ad-Hoc|iPhoneSimulator.Build.0 = Release|Any CPU
		{53C49AAB-AC13-4A8B-BF2A-67A15673C3B0}.Ad-Hoc|x86.ActiveCfg = Release|Any CPU
		{53C49AAB-AC13-4A8B-BF2A-67A15673C3B0}.Ad-Hoc|x86.Build.0 = Release|Any CPU
		{53C49AAB-AC13-4A8B-BF2A-67A15673C3B0}.AppStore|Any CPU.ActiveCfg = Release|Any CPU
		{53C49AAB-AC13-4A8B-BF2A-67A15673C3B0}.AppStore|Any CPU.Build.0 = Release|Any CPU
		{53C49AAB-AC13-4A8B-BF2A-67A15673C3B0}.AppStore|iPhone.ActiveCfg = Release|Any CPU
		{53C49AAB-AC13-4A8B-BF2A-67A15673C3B0}.AppStore|iPhone.Build.0 = Release|Any CPU
		{53C49AAB-AC13-4A8B-BF2A-67A15673C3B0}.AppStore|iPhoneSimulator.ActiveCfg = Release|Any CPU
		{53C49AAB-AC13-4A8B-BF2A-67A15673C3B0}.AppStore|iPhoneSimulator.Build.0 = Release|Any CPU
		{53C49AAB-AC13-4A8B-BF2A-67A15673C3B0}.AppStore|x86.ActiveCfg = Release|Any CPU
		{53C49AAB-AC13-4A8B-BF2A-67A15673C3B0}.AppStore|x86.Build.0 = Release|Any CPU
		{53C49AAB-AC13-4A8B-BF2A-67A15673C3B0}.Debug|Any CPU.ActiveCfg = Debug|Any CPU
		{53C49AAB-AC13-4A8B-BF2A-67A15673C3B0}.Debug|Any CPU.Build.0 = Debug|Any CPU
		{53C49AAB-AC13-4A8B-BF2A-67A15673C3B0}.Debug|iPhone.ActiveCfg = Debug|Any CPU
		{53C49AAB-AC13-4A8B-BF2A-67A15673C3B0}.Debug|iPhone.Build.0 = Debug|Any CPU
		{53C49AAB-AC13-4A8B-BF2A-67A15673C3B0}.Debug|iPhoneSimulator.ActiveCfg = Debug|Any CPU
		{53C49AAB-AC13-4A8B-BF2A-67A15673C3B0}.Debug|iPhoneSimulator.Build.0 = Debug|Any CPU
		{53C49AAB-AC13-4A8B-BF2A-67A15673C3B0}.Debug|x86.ActiveCfg = Debug|Any CPU
		{53C49AAB-AC13-4A8B-BF2A-67A15673C3B0}.Debug|x86.Build.0 = Debug|Any CPU
		{53C49AAB-AC13-4A8B-BF2A-67A15673C3B0}.Release|Any CPU.ActiveCfg = Release|Any CPU
		{53C49AAB-AC13-4A8B-BF2A-67A15673C3B0}.Release|Any CPU.Build.0 = Release|Any CPU
		{53C49AAB-AC13-4A8B-BF2A-67A15673C3B0}.Release|iPhone.ActiveCfg = Release|Any CPU
		{53C49AAB-AC13-4A8B-BF2A-67A15673C3B0}.Release|iPhone.Build.0 = Release|Any CPU
		{53C49AAB-AC13-4A8B-BF2A-67A15673C3B0}.Release|iPhoneSimulator.ActiveCfg = Release|Any CPU
		{53C49AAB-AC13-4A8B-BF2A-67A15673C3B0}.Release|iPhoneSimulator.Build.0 = Release|Any CPU
		{53C49AAB-AC13-4A8B-BF2A-67A15673C3B0}.Release|x86.ActiveCfg = Release|Any CPU
		{53C49AAB-AC13-4A8B-BF2A-67A15673C3B0}.Release|x86.Build.0 = Release|Any CPU
		{DB5463EA-7B80-447B-9625-D02E9146D84D}.Ad-Hoc|Any CPU.ActiveCfg = Release|Any CPU
		{DB5463EA-7B80-447B-9625-D02E9146D84D}.Ad-Hoc|Any CPU.Build.0 = Release|Any CPU
		{DB5463EA-7B80-447B-9625-D02E9146D84D}.Ad-Hoc|Any CPU.Deploy.0 = Release|Any CPU
		{DB5463EA-7B80-447B-9625-D02E9146D84D}.Ad-Hoc|iPhone.ActiveCfg = Release|Any CPU
		{DB5463EA-7B80-447B-9625-D02E9146D84D}.Ad-Hoc|iPhone.Build.0 = Release|Any CPU
		{DB5463EA-7B80-447B-9625-D02E9146D84D}.Ad-Hoc|iPhone.Deploy.0 = Release|Any CPU
		{DB5463EA-7B80-447B-9625-D02E9146D84D}.Ad-Hoc|iPhoneSimulator.ActiveCfg = Release|Any CPU
		{DB5463EA-7B80-447B-9625-D02E9146D84D}.Ad-Hoc|iPhoneSimulator.Build.0 = Release|Any CPU
		{DB5463EA-7B80-447B-9625-D02E9146D84D}.Ad-Hoc|iPhoneSimulator.Deploy.0 = Release|Any CPU
		{DB5463EA-7B80-447B-9625-D02E9146D84D}.Ad-Hoc|x86.ActiveCfg = Release|Any CPU
		{DB5463EA-7B80-447B-9625-D02E9146D84D}.Ad-Hoc|x86.Build.0 = Release|Any CPU
		{DB5463EA-7B80-447B-9625-D02E9146D84D}.Ad-Hoc|x86.Deploy.0 = Release|Any CPU
		{DB5463EA-7B80-447B-9625-D02E9146D84D}.AppStore|Any CPU.ActiveCfg = Release|Any CPU
		{DB5463EA-7B80-447B-9625-D02E9146D84D}.AppStore|Any CPU.Build.0 = Release|Any CPU
		{DB5463EA-7B80-447B-9625-D02E9146D84D}.AppStore|Any CPU.Deploy.0 = Release|Any CPU
		{DB5463EA-7B80-447B-9625-D02E9146D84D}.AppStore|iPhone.ActiveCfg = Release|Any CPU
		{DB5463EA-7B80-447B-9625-D02E9146D84D}.AppStore|iPhone.Build.0 = Release|Any CPU
		{DB5463EA-7B80-447B-9625-D02E9146D84D}.AppStore|iPhone.Deploy.0 = Release|Any CPU
		{DB5463EA-7B80-447B-9625-D02E9146D84D}.AppStore|iPhoneSimulator.ActiveCfg = Release|Any CPU
		{DB5463EA-7B80-447B-9625-D02E9146D84D}.AppStore|iPhoneSimulator.Build.0 = Release|Any CPU
		{DB5463EA-7B80-447B-9625-D02E9146D84D}.AppStore|iPhoneSimulator.Deploy.0 = Release|Any CPU
		{DB5463EA-7B80-447B-9625-D02E9146D84D}.AppStore|x86.ActiveCfg = Release|Any CPU
		{DB5463EA-7B80-447B-9625-D02E9146D84D}.AppStore|x86.Build.0 = Release|Any CPU
		{DB5463EA-7B80-447B-9625-D02E9146D84D}.AppStore|x86.Deploy.0 = Release|Any CPU
		{DB5463EA-7B80-447B-9625-D02E9146D84D}.Debug|Any CPU.ActiveCfg = Debug|Any CPU
		{DB5463EA-7B80-447B-9625-D02E9146D84D}.Debug|Any CPU.Build.0 = Debug|Any CPU
		{DB5463EA-7B80-447B-9625-D02E9146D84D}.Debug|Any CPU.Deploy.0 = Debug|Any CPU
		{DB5463EA-7B80-447B-9625-D02E9146D84D}.Debug|iPhone.ActiveCfg = Debug|Any CPU
		{DB5463EA-7B80-447B-9625-D02E9146D84D}.Debug|iPhone.Build.0 = Debug|Any CPU
		{DB5463EA-7B80-447B-9625-D02E9146D84D}.Debug|iPhone.Deploy.0 = Debug|Any CPU
		{DB5463EA-7B80-447B-9625-D02E9146D84D}.Debug|iPhoneSimulator.ActiveCfg = Debug|Any CPU
		{DB5463EA-7B80-447B-9625-D02E9146D84D}.Debug|iPhoneSimulator.Build.0 = Debug|Any CPU
		{DB5463EA-7B80-447B-9625-D02E9146D84D}.Debug|iPhoneSimulator.Deploy.0 = Debug|Any CPU
		{DB5463EA-7B80-447B-9625-D02E9146D84D}.Debug|x86.ActiveCfg = Debug|Any CPU
		{DB5463EA-7B80-447B-9625-D02E9146D84D}.Debug|x86.Build.0 = Debug|Any CPU
		{DB5463EA-7B80-447B-9625-D02E9146D84D}.Debug|x86.Deploy.0 = Debug|Any CPU
		{DB5463EA-7B80-447B-9625-D02E9146D84D}.Release|Any CPU.ActiveCfg = Release|Any CPU
		{DB5463EA-7B80-447B-9625-D02E9146D84D}.Release|Any CPU.Build.0 = Release|Any CPU
		{DB5463EA-7B80-447B-9625-D02E9146D84D}.Release|Any CPU.Deploy.0 = Release|Any CPU
		{DB5463EA-7B80-447B-9625-D02E9146D84D}.Release|iPhone.ActiveCfg = Release|Any CPU
		{DB5463EA-7B80-447B-9625-D02E9146D84D}.Release|iPhone.Build.0 = Release|Any CPU
		{DB5463EA-7B80-447B-9625-D02E9146D84D}.Release|iPhone.Deploy.0 = Release|Any CPU
		{DB5463EA-7B80-447B-9625-D02E9146D84D}.Release|iPhoneSimulator.ActiveCfg = Release|Any CPU
		{DB5463EA-7B80-447B-9625-D02E9146D84D}.Release|iPhoneSimulator.Build.0 = Release|Any CPU
		{DB5463EA-7B80-447B-9625-D02E9146D84D}.Release|iPhoneSimulator.Deploy.0 = Release|Any CPU
		{DB5463EA-7B80-447B-9625-D02E9146D84D}.Release|x86.ActiveCfg = Release|Any CPU
		{DB5463EA-7B80-447B-9625-D02E9146D84D}.Release|x86.Build.0 = Release|Any CPU
		{DB5463EA-7B80-447B-9625-D02E9146D84D}.Release|x86.Deploy.0 = Release|Any CPU
		{F0828DE1-FA02-4D08-B90A-950E0B354E2A}.Ad-Hoc|Any CPU.ActiveCfg = Ad-Hoc|iPhone
		{F0828DE1-FA02-4D08-B90A-950E0B354E2A}.Ad-Hoc|iPhone.ActiveCfg = Ad-Hoc|iPhone
		{F0828DE1-FA02-4D08-B90A-950E0B354E2A}.Ad-Hoc|iPhone.Build.0 = Ad-Hoc|iPhone
		{F0828DE1-FA02-4D08-B90A-950E0B354E2A}.Ad-Hoc|iPhoneSimulator.ActiveCfg = Ad-Hoc|iPhoneSimulator
		{F0828DE1-FA02-4D08-B90A-950E0B354E2A}.Ad-Hoc|iPhoneSimulator.Build.0 = Ad-Hoc|iPhoneSimulator
		{F0828DE1-FA02-4D08-B90A-950E0B354E2A}.Ad-Hoc|x86.ActiveCfg = Ad-Hoc|iPhone
		{F0828DE1-FA02-4D08-B90A-950E0B354E2A}.AppStore|Any CPU.ActiveCfg = AppStore|iPhone
		{F0828DE1-FA02-4D08-B90A-950E0B354E2A}.AppStore|iPhone.ActiveCfg = AppStore|iPhone
		{F0828DE1-FA02-4D08-B90A-950E0B354E2A}.AppStore|iPhone.Build.0 = AppStore|iPhone
		{F0828DE1-FA02-4D08-B90A-950E0B354E2A}.AppStore|iPhoneSimulator.ActiveCfg = AppStore|iPhoneSimulator
		{F0828DE1-FA02-4D08-B90A-950E0B354E2A}.AppStore|iPhoneSimulator.Build.0 = AppStore|iPhoneSimulator
		{F0828DE1-FA02-4D08-B90A-950E0B354E2A}.AppStore|x86.ActiveCfg = AppStore|iPhone
		{F0828DE1-FA02-4D08-B90A-950E0B354E2A}.Debug|Any CPU.ActiveCfg = Debug|iPhone
		{F0828DE1-FA02-4D08-B90A-950E0B354E2A}.Debug|iPhone.ActiveCfg = Debug|iPhone
		{F0828DE1-FA02-4D08-B90A-950E0B354E2A}.Debug|iPhone.Build.0 = Debug|iPhone
		{F0828DE1-FA02-4D08-B90A-950E0B354E2A}.Debug|iPhoneSimulator.ActiveCfg = Debug|iPhoneSimulator
		{F0828DE1-FA02-4D08-B90A-950E0B354E2A}.Debug|iPhoneSimulator.Build.0 = Debug|iPhoneSimulator
		{F0828DE1-FA02-4D08-B90A-950E0B354E2A}.Debug|x86.ActiveCfg = Debug|iPhone
		{F0828DE1-FA02-4D08-B90A-950E0B354E2A}.Release|Any CPU.ActiveCfg = Release|iPhone
		{F0828DE1-FA02-4D08-B90A-950E0B354E2A}.Release|iPhone.ActiveCfg = Release|iPhone
		{F0828DE1-FA02-4D08-B90A-950E0B354E2A}.Release|iPhone.Build.0 = Release|iPhone
		{F0828DE1-FA02-4D08-B90A-950E0B354E2A}.Release|iPhoneSimulator.ActiveCfg = Release|iPhoneSimulator
		{F0828DE1-FA02-4D08-B90A-950E0B354E2A}.Release|iPhoneSimulator.Build.0 = Release|iPhoneSimulator
		{F0828DE1-FA02-4D08-B90A-950E0B354E2A}.Release|x86.ActiveCfg = Release|iPhone
		{E71F3053-056C-4381-9638-048ED73BDFF6}.Ad-Hoc|Any CPU.ActiveCfg = Release|Any CPU
		{E71F3053-056C-4381-9638-048ED73BDFF6}.Ad-Hoc|Any CPU.Build.0 = Release|Any CPU
		{E71F3053-056C-4381-9638-048ED73BDFF6}.Ad-Hoc|iPhone.ActiveCfg = Release|Any CPU
		{E71F3053-056C-4381-9638-048ED73BDFF6}.Ad-Hoc|iPhone.Build.0 = Release|Any CPU
		{E71F3053-056C-4381-9638-048ED73BDFF6}.Ad-Hoc|iPhoneSimulator.ActiveCfg = Release|Any CPU
		{E71F3053-056C-4381-9638-048ED73BDFF6}.Ad-Hoc|iPhoneSimulator.Build.0 = Release|Any CPU
		{E71F3053-056C-4381-9638-048ED73BDFF6}.Ad-Hoc|x86.ActiveCfg = Release|Any CPU
		{E71F3053-056C-4381-9638-048ED73BDFF6}.Ad-Hoc|x86.Build.0 = Release|Any CPU
		{E71F3053-056C-4381-9638-048ED73BDFF6}.AppStore|Any CPU.ActiveCfg = Release|Any CPU
		{E71F3053-056C-4381-9638-048ED73BDFF6}.AppStore|Any CPU.Build.0 = Release|Any CPU
		{E71F3053-056C-4381-9638-048ED73BDFF6}.AppStore|iPhone.ActiveCfg = Release|Any CPU
		{E71F3053-056C-4381-9638-048ED73BDFF6}.AppStore|iPhone.Build.0 = Release|Any CPU
		{E71F3053-056C-4381-9638-048ED73BDFF6}.AppStore|iPhoneSimulator.ActiveCfg = Release|Any CPU
		{E71F3053-056C-4381-9638-048ED73BDFF6}.AppStore|iPhoneSimulator.Build.0 = Release|Any CPU
		{E71F3053-056C-4381-9638-048ED73BDFF6}.AppStore|x86.ActiveCfg = Release|Any CPU
		{E71F3053-056C-4381-9638-048ED73BDFF6}.AppStore|x86.Build.0 = Release|Any CPU
		{E71F3053-056C-4381-9638-048ED73BDFF6}.Debug|Any CPU.ActiveCfg = Debug|Any CPU
		{E71F3053-056C-4381-9638-048ED73BDFF6}.Debug|Any CPU.Build.0 = Debug|Any CPU
		{E71F3053-056C-4381-9638-048ED73BDFF6}.Debug|iPhone.ActiveCfg = Debug|Any CPU
		{E71F3053-056C-4381-9638-048ED73BDFF6}.Debug|iPhone.Build.0 = Debug|Any CPU
		{E71F3053-056C-4381-9638-048ED73BDFF6}.Debug|iPhoneSimulator.ActiveCfg = Debug|Any CPU
		{E71F3053-056C-4381-9638-048ED73BDFF6}.Debug|iPhoneSimulator.Build.0 = Debug|Any CPU
		{E71F3053-056C-4381-9638-048ED73BDFF6}.Debug|x86.ActiveCfg = Debug|Any CPU
		{E71F3053-056C-4381-9638-048ED73BDFF6}.Debug|x86.Build.0 = Debug|Any CPU
		{E71F3053-056C-4381-9638-048ED73BDFF6}.Release|Any CPU.ActiveCfg = Release|Any CPU
		{E71F3053-056C-4381-9638-048ED73BDFF6}.Release|Any CPU.Build.0 = Release|Any CPU
		{E71F3053-056C-4381-9638-048ED73BDFF6}.Release|iPhone.ActiveCfg = Release|Any CPU
		{E71F3053-056C-4381-9638-048ED73BDFF6}.Release|iPhone.Build.0 = Release|Any CPU
		{E71F3053-056C-4381-9638-048ED73BDFF6}.Release|iPhoneSimulator.ActiveCfg = Release|Any CPU
		{E71F3053-056C-4381-9638-048ED73BDFF6}.Release|iPhoneSimulator.Build.0 = Release|Any CPU
		{E71F3053-056C-4381-9638-048ED73BDFF6}.Release|x86.ActiveCfg = Release|Any CPU
		{E71F3053-056C-4381-9638-048ED73BDFF6}.Release|x86.Build.0 = Release|Any CPU
		{942B5C2D-801A-4703-B0BB-DD312A068612}.Ad-Hoc|Any CPU.ActiveCfg = Release|Any CPU
		{942B5C2D-801A-4703-B0BB-DD312A068612}.Ad-Hoc|Any CPU.Build.0 = Release|Any CPU
		{942B5C2D-801A-4703-B0BB-DD312A068612}.Ad-Hoc|iPhone.ActiveCfg = Release|Any CPU
		{942B5C2D-801A-4703-B0BB-DD312A068612}.Ad-Hoc|iPhone.Build.0 = Release|Any CPU
		{942B5C2D-801A-4703-B0BB-DD312A068612}.Ad-Hoc|iPhoneSimulator.ActiveCfg = Release|Any CPU
		{942B5C2D-801A-4703-B0BB-DD312A068612}.Ad-Hoc|iPhoneSimulator.Build.0 = Release|Any CPU
		{942B5C2D-801A-4703-B0BB-DD312A068612}.Ad-Hoc|x86.ActiveCfg = Release|Any CPU
		{942B5C2D-801A-4703-B0BB-DD312A068612}.Ad-Hoc|x86.Build.0 = Release|Any CPU
		{942B5C2D-801A-4703-B0BB-DD312A068612}.AppStore|Any CPU.ActiveCfg = Release|Any CPU
		{942B5C2D-801A-4703-B0BB-DD312A068612}.AppStore|Any CPU.Build.0 = Release|Any CPU
		{942B5C2D-801A-4703-B0BB-DD312A068612}.AppStore|iPhone.ActiveCfg = Release|Any CPU
		{942B5C2D-801A-4703-B0BB-DD312A068612}.AppStore|iPhone.Build.0 = Release|Any CPU
		{942B5C2D-801A-4703-B0BB-DD312A068612}.AppStore|iPhoneSimulator.ActiveCfg = Release|Any CPU
		{942B5C2D-801A-4703-B0BB-DD312A068612}.AppStore|iPhoneSimulator.Build.0 = Release|Any CPU
		{942B5C2D-801A-4703-B0BB-DD312A068612}.AppStore|x86.ActiveCfg = Release|Any CPU
		{942B5C2D-801A-4703-B0BB-DD312A068612}.AppStore|x86.Build.0 = Release|Any CPU
		{942B5C2D-801A-4703-B0BB-DD312A068612}.Debug|Any CPU.ActiveCfg = Debug|Any CPU
		{942B5C2D-801A-4703-B0BB-DD312A068612}.Debug|Any CPU.Build.0 = Debug|Any CPU
		{942B5C2D-801A-4703-B0BB-DD312A068612}.Debug|iPhone.ActiveCfg = Debug|Any CPU
		{942B5C2D-801A-4703-B0BB-DD312A068612}.Debug|iPhone.Build.0 = Debug|Any CPU
		{942B5C2D-801A-4703-B0BB-DD312A068612}.Debug|iPhoneSimulator.ActiveCfg = Debug|Any CPU
		{942B5C2D-801A-4703-B0BB-DD312A068612}.Debug|iPhoneSimulator.Build.0 = Debug|Any CPU
		{942B5C2D-801A-4703-B0BB-DD312A068612}.Debug|x86.ActiveCfg = Debug|Any CPU
		{942B5C2D-801A-4703-B0BB-DD312A068612}.Debug|x86.Build.0 = Debug|Any CPU
		{942B5C2D-801A-4703-B0BB-DD312A068612}.Release|Any CPU.ActiveCfg = Release|Any CPU
		{942B5C2D-801A-4703-B0BB-DD312A068612}.Release|Any CPU.Build.0 = Release|Any CPU
		{942B5C2D-801A-4703-B0BB-DD312A068612}.Release|iPhone.ActiveCfg = Release|Any CPU
		{942B5C2D-801A-4703-B0BB-DD312A068612}.Release|iPhone.Build.0 = Release|Any CPU
		{942B5C2D-801A-4703-B0BB-DD312A068612}.Release|iPhoneSimulator.ActiveCfg = Release|Any CPU
		{942B5C2D-801A-4703-B0BB-DD312A068612}.Release|iPhoneSimulator.Build.0 = Release|Any CPU
		{942B5C2D-801A-4703-B0BB-DD312A068612}.Release|x86.ActiveCfg = Release|Any CPU
		{942B5C2D-801A-4703-B0BB-DD312A068612}.Release|x86.Build.0 = Release|Any CPU
	EndGlobalSection
	GlobalSection(SolutionProperties) = preSolution
		HideSolutionNode = FALSE
	EndGlobalSection
	GlobalSection(ExtensibilityGlobals) = postSolution
		SolutionGuid = {C466F7D7-2C9D-4CB5-989B-477C763FE501}
	EndGlobalSection
EndGlobal
